// !$*UTF8*$!
{
	archiveVersion = 1;
	classes = {
	};
	objectVersion = 46;
	objects = {

/* Begin PBXBuildFile section */
		0230D5421A3A61F200C1057E /* EventsTableViewController.swift in Sources */ = {isa = PBXBuildFile; fileRef = 0230D5411A3A61F200C1057E /* EventsTableViewController.swift */; };
		0230D5441A3A621200C1057E /* EventTableViewCell.swift in Sources */ = {isa = PBXBuildFile; fileRef = 0230D5431A3A621200C1057E /* EventTableViewCell.swift */; };
		023F93811A3799C500F0C33E /* CalendarViewController.swift in Sources */ = {isa = PBXBuildFile; fileRef = 023F93801A3799C500F0C33E /* CalendarViewController.swift */; };
		023F93841A379ACD00F0C33E /* FriendDetailsTableViewController.swift in Sources */ = {isa = PBXBuildFile; fileRef = 023F93831A379ACD00F0C33E /* FriendDetailsTableViewController.swift */; };
		023F93851A37B70600F0C33E /* FriendsTableViewController.swift in Sources */ = {isa = PBXBuildFile; fileRef = 10F2D1331A2E2A9600DDD58D /* FriendsTableViewController.swift */; };
		023F93861A37B71800F0C33E /* FriendTableViewCell.swift in Sources */ = {isa = PBXBuildFile; fileRef = 10F2D13D1A2E2B3400DDD58D /* FriendTableViewCell.swift */; };
		024A45BB1A33AB0900757D93 /* CalendarTableViewController.swift in Sources */ = {isa = PBXBuildFile; fileRef = 024A45BA1A33AB0900757D93 /* CalendarTableViewController.swift */; };
		024A45BD1A33AB1C00757D93 /* CalendarTabBarViewController.swift in Sources */ = {isa = PBXBuildFile; fileRef = 024A45BC1A33AB1C00757D93 /* CalendarTabBarViewController.swift */; };
		025122511A3782CB00F3900A /* Main.storyboard in Resources */ = {isa = PBXBuildFile; fileRef = 025122501A3782CB00F3900A /* Main.storyboard */; };
		026BA1D31A385C14006D25D5 /* SocialCalendarViewController.swift in Sources */ = {isa = PBXBuildFile; fileRef = 026BA1D21A385C14006D25D5 /* SocialCalendarViewController.swift */; };
		02C91E981A2E288700B3977B /* LoginViewController.swift in Sources */ = {isa = PBXBuildFile; fileRef = 02C91E971A2E288700B3977B /* LoginViewController.swift */; };
		02F911991A2E604C00B15744 /* Miles.storyboard in Resources */ = {isa = PBXBuildFile; fileRef = 02F911971A2E604C00B15744 /* Miles.storyboard */; };
		02F9119C1A2E61EE00B15744 /* Kevin.storyboard in Resources */ = {isa = PBXBuildFile; fileRef = 02F9119A1A2E61EE00B15744 /* Kevin.storyboard */; };
		103679601A2E3124001D63D2 /* friends.xcdatamodeld in Sources */ = {isa = PBXBuildFile; fileRef = 1036795E1A2E3124001D63D2 /* friends.xcdatamodeld */; };
		1079FEF41A2D4AD900654080 /* AppDelegate.swift in Sources */ = {isa = PBXBuildFile; fileRef = 1079FEF31A2D4AD900654080 /* AppDelegate.swift */; };
		1079FEFB1A2D4AD900654080 /* Images.xcassets in Resources */ = {isa = PBXBuildFile; fileRef = 1079FEFA1A2D4AD900654080 /* Images.xcassets */; };
		1079FEFE1A2D4AD900654080 /* LaunchScreen.xib in Resources */ = {isa = PBXBuildFile; fileRef = 1079FEFC1A2D4AD900654080 /* LaunchScreen.xib */; };
		1079FF0A1A2D4AD900654080 /* socialCalendarTests.swift in Sources */ = {isa = PBXBuildFile; fileRef = 1079FF091A2D4AD900654080 /* socialCalendarTests.swift */; };
		10F2D1321A2E29C300DDD58D /* EditFriendsTableViewController.swift in Sources */ = {isa = PBXBuildFile; fileRef = 10F2D1311A2E29C300DDD58D /* EditFriendsTableViewController.swift */; };
		10F2D1361A2E2AB000DDD58D /* Friend.swift in Sources */ = {isa = PBXBuildFile; fileRef = 10F2D1351A2E2AB000DDD58D /* Friend.swift */; };
		10F2D1381A2E2ABD00DDD58D /* FriendManager.swift in Sources */ = {isa = PBXBuildFile; fileRef = 10F2D1371A2E2ABD00DDD58D /* FriendManager.swift */; };
		8CB4C85692005374677C64B8 /* libPods.a in Frameworks */ = {isa = PBXBuildFile; fileRef = 6D6155E0F6EE903B4D269A87 /* libPods.a */; };
/* End PBXBuildFile section */

/* Begin PBXContainerItemProxy section */
		1079FF041A2D4AD900654080 /* PBXContainerItemProxy */ = {
			isa = PBXContainerItemProxy;
			containerPortal = 1079FEE61A2D4AD800654080 /* Project object */;
			proxyType = 1;
			remoteGlobalIDString = 1079FEED1A2D4AD900654080;
			remoteInfo = socialCalendar;
		};
/* End PBXContainerItemProxy section */

/* Begin PBXFileReference section */
		0230D5411A3A61F200C1057E /* EventsTableViewController.swift */ = {isa = PBXFileReference; fileEncoding = 4; lastKnownFileType = sourcecode.swift; path = EventsTableViewController.swift; sourceTree = "<group>"; };
		0230D5431A3A621200C1057E /* EventTableViewCell.swift */ = {isa = PBXFileReference; fileEncoding = 4; lastKnownFileType = sourcecode.swift; path = EventTableViewCell.swift; sourceTree = "<group>"; };
		023F93801A3799C500F0C33E /* CalendarViewController.swift */ = {isa = PBXFileReference; fileEncoding = 4; lastKnownFileType = sourcecode.swift; path = CalendarViewController.swift; sourceTree = "<group>"; };
		023F93831A379ACD00F0C33E /* FriendDetailsTableViewController.swift */ = {isa = PBXFileReference; lastKnownFileType = sourcecode.swift; path = FriendDetailsTableViewController.swift; sourceTree = "<group>"; };
		024A45BA1A33AB0900757D93 /* CalendarTableViewController.swift */ = {isa = PBXFileReference; fileEncoding = 4; lastKnownFileType = sourcecode.swift; path = CalendarTableViewController.swift; sourceTree = "<group>"; };
		024A45BC1A33AB1C00757D93 /* CalendarTabBarViewController.swift */ = {isa = PBXFileReference; fileEncoding = 4; lastKnownFileType = sourcecode.swift; path = CalendarTabBarViewController.swift; sourceTree = "<group>"; };
		025122501A3782CB00F3900A /* Main.storyboard */ = {isa = PBXFileReference; fileEncoding = 4; lastKnownFileType = file.storyboard; name = Main.storyboard; path = ../Main.storyboard; sourceTree = "<group>"; };
		025122521A378D8700F3900A /* CalendarViewController.swift */ = {isa = PBXFileReference; fileEncoding = 4; lastKnownFileType = sourcecode.swift; path = CalendarViewController.swift; sourceTree = "<group>"; };
		025122581A37953000F3900A /* socialCalendar-Bridging-Header.h */ = {isa = PBXFileReference; lastKnownFileType = sourcecode.c.h; path = "socialCalendar-Bridging-Header.h"; sourceTree = "<group>"; };
		026BA1D21A385C14006D25D5 /* SocialCalendarViewController.swift */ = {isa = PBXFileReference; fileEncoding = 4; lastKnownFileType = sourcecode.swift; path = SocialCalendarViewController.swift; sourceTree = "<group>"; };
		02C91E971A2E288700B3977B /* LoginViewController.swift */ = {isa = PBXFileReference; fileEncoding = 4; lastKnownFileType = sourcecode.swift; path = LoginViewController.swift; sourceTree = "<group>"; };
		02F911981A2E604C00B15744 /* Base */ = {isa = PBXFileReference; lastKnownFileType = file.storyboard; name = Base; path = Base.lproj/Miles.storyboard; sourceTree = "<group>"; };
		02F9119B1A2E61EE00B15744 /* Base */ = {isa = PBXFileReference; lastKnownFileType = file.storyboard; name = Base; path = Base.lproj/Kevin.storyboard; sourceTree = "<group>"; };
		1036795F1A2E3124001D63D2 /* friends.xcdatamodel */ = {isa = PBXFileReference; lastKnownFileType = wrapper.xcdatamodel; path = friends.xcdatamodel; sourceTree = "<group>"; };
		1079FEEE1A2D4AD900654080 /* socialCalendar.app */ = {isa = PBXFileReference; explicitFileType = wrapper.application; includeInIndex = 0; path = socialCalendar.app; sourceTree = BUILT_PRODUCTS_DIR; };
		1079FEF21A2D4AD900654080 /* Info.plist */ = {isa = PBXFileReference; lastKnownFileType = text.plist.xml; path = Info.plist; sourceTree = "<group>"; };
		1079FEF31A2D4AD900654080 /* AppDelegate.swift */ = {isa = PBXFileReference; lastKnownFileType = sourcecode.swift; path = AppDelegate.swift; sourceTree = "<group>"; };
		1079FEFA1A2D4AD900654080 /* Images.xcassets */ = {isa = PBXFileReference; lastKnownFileType = folder.assetcatalog; path = Images.xcassets; sourceTree = "<group>"; };
		1079FEFD1A2D4AD900654080 /* Base */ = {isa = PBXFileReference; lastKnownFileType = file.xib; name = Base; path = Base.lproj/LaunchScreen.xib; sourceTree = "<group>"; };
		1079FF031A2D4AD900654080 /* socialCalendarTests.xctest */ = {isa = PBXFileReference; explicitFileType = wrapper.cfbundle; includeInIndex = 0; path = socialCalendarTests.xctest; sourceTree = BUILT_PRODUCTS_DIR; };
		1079FF081A2D4AD900654080 /* Info.plist */ = {isa = PBXFileReference; lastKnownFileType = text.plist.xml; path = Info.plist; sourceTree = "<group>"; };
		1079FF091A2D4AD900654080 /* socialCalendarTests.swift */ = {isa = PBXFileReference; lastKnownFileType = sourcecode.swift; path = socialCalendarTests.swift; sourceTree = "<group>"; };
		10F2D1311A2E29C300DDD58D /* EditFriendsTableViewController.swift */ = {isa = PBXFileReference; fileEncoding = 4; lastKnownFileType = sourcecode.swift; path = EditFriendsTableViewController.swift; sourceTree = "<group>"; };
		10F2D1331A2E2A9600DDD58D /* FriendsTableViewController.swift */ = {isa = PBXFileReference; fileEncoding = 4; lastKnownFileType = sourcecode.swift; path = FriendsTableViewController.swift; sourceTree = "<group>"; };
		10F2D1351A2E2AB000DDD58D /* Friend.swift */ = {isa = PBXFileReference; fileEncoding = 4; lastKnownFileType = sourcecode.swift; path = Friend.swift; sourceTree = "<group>"; };
		10F2D1371A2E2ABD00DDD58D /* FriendManager.swift */ = {isa = PBXFileReference; fileEncoding = 4; lastKnownFileType = sourcecode.swift; path = FriendManager.swift; sourceTree = "<group>"; };
		10F2D13D1A2E2B3400DDD58D /* FriendTableViewCell.swift */ = {isa = PBXFileReference; fileEncoding = 4; lastKnownFileType = sourcecode.swift; path = FriendTableViewCell.swift; sourceTree = "<group>"; };
		6D6155E0F6EE903B4D269A87 /* libPods.a */ = {isa = PBXFileReference; explicitFileType = archive.ar; includeInIndex = 0; path = libPods.a; sourceTree = BUILT_PRODUCTS_DIR; };
		88C23CA8AA760EB67B6651EA /* Pods.release.xcconfig */ = {isa = PBXFileReference; includeInIndex = 1; lastKnownFileType = text.xcconfig; name = Pods.release.xcconfig; path = "Pods/Target Support Files/Pods/Pods.release.xcconfig"; sourceTree = "<group>"; };
		B132F5D1E17C7D324D79B50B /* Pods.debug.xcconfig */ = {isa = PBXFileReference; includeInIndex = 1; lastKnownFileType = text.xcconfig; name = Pods.debug.xcconfig; path = "Pods/Target Support Files/Pods/Pods.debug.xcconfig"; sourceTree = "<group>"; };
/* End PBXFileReference section */

/* Begin PBXFrameworksBuildPhase section */
		1079FEEB1A2D4AD900654080 /* Frameworks */ = {
			isa = PBXFrameworksBuildPhase;
			buildActionMask = 2147483647;
			files = (
				8CB4C85692005374677C64B8 /* libPods.a in Frameworks */,
			);
			runOnlyForDeploymentPostprocessing = 0;
		};
		1079FF001A2D4AD900654080 /* Frameworks */ = {
			isa = PBXFrameworksBuildPhase;
			buildActionMask = 2147483647;
			files = (
			);
			runOnlyForDeploymentPostprocessing = 0;
		};
/* End PBXFrameworksBuildPhase section */

/* Begin PBXGroup section */
		0F913D9B3F7FB36B99BC3AC2 /* Frameworks */ = {
			isa = PBXGroup;
			children = (
				6D6155E0F6EE903B4D269A87 /* libPods.a */,
				025122521A378D8700F3900A /* CalendarViewController.swift */,
			);
			name = Frameworks;
			sourceTree = "<group>";
		};
		1079FEE51A2D4AD800654080 = {
			isa = PBXGroup;
			children = (
				025122581A37953000F3900A /* socialCalendar-Bridging-Header.h */,
				1079FEF01A2D4AD900654080 /* socialCalendar */,
				1079FF061A2D4AD900654080 /* socialCalendarTests */,
				1079FEEF1A2D4AD900654080 /* Products */,
				FC2925D470FCFCF1A42B35CB /* Pods */,
				0F913D9B3F7FB36B99BC3AC2 /* Frameworks */,
			);
			sourceTree = "<group>";
		};
		1079FEEF1A2D4AD900654080 /* Products */ = {
			isa = PBXGroup;
			children = (
				1079FEEE1A2D4AD900654080 /* socialCalendar.app */,
				1079FF031A2D4AD900654080 /* socialCalendarTests.xctest */,
			);
			name = Products;
			sourceTree = "<group>";
		};
		1079FEF01A2D4AD900654080 /* socialCalendar */ = {
			isa = PBXGroup;
			children = (
				025122501A3782CB00F3900A /* Main.storyboard */,
				0230D5431A3A621200C1057E /* EventTableViewCell.swift */,
				0230D5411A3A61F200C1057E /* EventsTableViewController.swift */,
				1036795E1A2E3124001D63D2 /* friends.xcdatamodeld */,
				02F9119A1A2E61EE00B15744 /* Kevin.storyboard */,
				02F911971A2E604C00B15744 /* Miles.storyboard */,
				024A45BA1A33AB0900757D93 /* CalendarTableViewController.swift */,
				024A45BC1A33AB1C00757D93 /* CalendarTabBarViewController.swift */,
				023F93801A3799C500F0C33E /* CalendarViewController.swift */,
				1079FEF31A2D4AD900654080 /* AppDelegate.swift */,
				02C91E971A2E288700B3977B /* LoginViewController.swift */,
				026BA1D21A385C14006D25D5 /* SocialCalendarViewController.swift */,
				023F93831A379ACD00F0C33E /* FriendDetailsTableViewController.swift */,
				10F2D13F1A2E2B9200DDD58D /* friends */,
				10F2D13D1A2E2B3400DDD58D /* FriendTableViewCell.swift */,
				10F2D1311A2E29C300DDD58D /* EditFriendsTableViewController.swift */,
				10F2D1331A2E2A9600DDD58D /* FriendsTableViewController.swift */,
				10F2D1351A2E2AB000DDD58D /* Friend.swift */,
				10F2D1371A2E2ABD00DDD58D /* FriendManager.swift */,
				1079FEFA1A2D4AD900654080 /* Images.xcassets */,
				1079FEFC1A2D4AD900654080 /* LaunchScreen.xib */,
				1079FEF11A2D4AD900654080 /* Supporting Files */,
			);
			path = socialCalendar;
			sourceTree = "<group>";
		};
		1079FEF11A2D4AD900654080 /* Supporting Files */ = {
			isa = PBXGroup;
			children = (
				1079FEF21A2D4AD900654080 /* Info.plist */,
			);
			name = "Supporting Files";
			sourceTree = "<group>";
		};
		1079FF061A2D4AD900654080 /* socialCalendarTests */ = {
			isa = PBXGroup;
			children = (
				1079FF091A2D4AD900654080 /* socialCalendarTests.swift */,
				1079FF071A2D4AD900654080 /* Supporting Files */,
			);
			path = socialCalendarTests;
			sourceTree = "<group>";
		};
		1079FF071A2D4AD900654080 /* Supporting Files */ = {
			isa = PBXGroup;
			children = (
				1079FF081A2D4AD900654080 /* Info.plist */,
			);
			name = "Supporting Files";
			sourceTree = "<group>";
		};
		10F2D13F1A2E2B9200DDD58D /* friends */ = {
			isa = PBXGroup;
			children = (
			);
			name = friends;
			sourceTree = "<group>";
		};
		FC2925D470FCFCF1A42B35CB /* Pods */ = {
			isa = PBXGroup;
			children = (
				B132F5D1E17C7D324D79B50B /* Pods.debug.xcconfig */,
				88C23CA8AA760EB67B6651EA /* Pods.release.xcconfig */,
			);
			name = Pods;
			sourceTree = "<group>";
		};
/* End PBXGroup section */

/* Begin PBXNativeTarget section */
		1079FEED1A2D4AD900654080 /* socialCalendar */ = {
			isa = PBXNativeTarget;
			buildConfigurationList = 1079FF0D1A2D4AD900654080 /* Build configuration list for PBXNativeTarget "socialCalendar" */;
			buildPhases = (
				E0AD31A427ACE73CBFE7BE3A /* Check Pods Manifest.lock */,
				1079FEEA1A2D4AD900654080 /* Sources */,
				1079FEEB1A2D4AD900654080 /* Frameworks */,
				1079FEEC1A2D4AD900654080 /* Resources */,
				909A05108066B42360CA9BD8 /* Copy Pods Resources */,
			);
			buildRules = (
			);
			dependencies = (
			);
			name = socialCalendar;
			productName = socialCalendar;
			productReference = 1079FEEE1A2D4AD900654080 /* socialCalendar.app */;
			productType = "com.apple.product-type.application";
		};
		1079FF021A2D4AD900654080 /* socialCalendarTests */ = {
			isa = PBXNativeTarget;
			buildConfigurationList = 1079FF101A2D4AD900654080 /* Build configuration list for PBXNativeTarget "socialCalendarTests" */;
			buildPhases = (
				1079FEFF1A2D4AD900654080 /* Sources */,
				1079FF001A2D4AD900654080 /* Frameworks */,
				1079FF011A2D4AD900654080 /* Resources */,
			);
			buildRules = (
			);
			dependencies = (
				1079FF051A2D4AD900654080 /* PBXTargetDependency */,
			);
			name = socialCalendarTests;
			productName = socialCalendarTests;
			productReference = 1079FF031A2D4AD900654080 /* socialCalendarTests.xctest */;
			productType = "com.apple.product-type.bundle.unit-test";
		};
/* End PBXNativeTarget section */

/* Begin PBXProject section */
		1079FEE61A2D4AD800654080 /* Project object */ = {
			isa = PBXProject;
			attributes = {
				LastUpgradeCheck = 0610;
				ORGANIZATIONNAME = AIT;
				TargetAttributes = {
					1079FEED1A2D4AD900654080 = {
						CreatedOnToolsVersion = 6.1;
					};
					1079FF021A2D4AD900654080 = {
						CreatedOnToolsVersion = 6.1;
						TestTargetID = 1079FEED1A2D4AD900654080;
					};
				};
			};
			buildConfigurationList = 1079FEE91A2D4AD800654080 /* Build configuration list for PBXProject "socialCalendar" */;
			compatibilityVersion = "Xcode 3.2";
			developmentRegion = English;
			hasScannedForEncodings = 0;
			knownRegions = (
				en,
				Base,
			);
			mainGroup = 1079FEE51A2D4AD800654080;
			productRefGroup = 1079FEEF1A2D4AD900654080 /* Products */;
			projectDirPath = "";
			projectRoot = "";
			targets = (
				1079FEED1A2D4AD900654080 /* socialCalendar */,
				1079FF021A2D4AD900654080 /* socialCalendarTests */,
			);
		};
/* End PBXProject section */

/* Begin PBXResourcesBuildPhase section */
		1079FEEC1A2D4AD900654080 /* Resources */ = {
			isa = PBXResourcesBuildPhase;
			buildActionMask = 2147483647;
			files = (
				02F9119C1A2E61EE00B15744 /* Kevin.storyboard in Resources */,
				025122511A3782CB00F3900A /* Main.storyboard in Resources */,
				02F911991A2E604C00B15744 /* Miles.storyboard in Resources */,
				1079FEFE1A2D4AD900654080 /* LaunchScreen.xib in Resources */,
				1079FEFB1A2D4AD900654080 /* Images.xcassets in Resources */,
			);
			runOnlyForDeploymentPostprocessing = 0;
		};
		1079FF011A2D4AD900654080 /* Resources */ = {
			isa = PBXResourcesBuildPhase;
			buildActionMask = 2147483647;
			files = (
			);
			runOnlyForDeploymentPostprocessing = 0;
		};
/* End PBXResourcesBuildPhase section */

/* Begin PBXShellScriptBuildPhase section */
		909A05108066B42360CA9BD8 /* Copy Pods Resources */ = {
			isa = PBXShellScriptBuildPhase;
			buildActionMask = 2147483647;
			files = (
			);
			inputPaths = (
			);
			name = "Copy Pods Resources";
			outputPaths = (
			);
			runOnlyForDeploymentPostprocessing = 0;
			shellPath = /bin/sh;
			shellScript = "\"${SRCROOT}/Pods/Target Support Files/Pods/Pods-resources.sh\"\n";
			showEnvVarsInLog = 0;
		};
		E0AD31A427ACE73CBFE7BE3A /* Check Pods Manifest.lock */ = {
			isa = PBXShellScriptBuildPhase;
			buildActionMask = 2147483647;
			files = (
			);
			inputPaths = (
			);
			name = "Check Pods Manifest.lock";
			outputPaths = (
			);
			runOnlyForDeploymentPostprocessing = 0;
			shellPath = /bin/sh;
			shellScript = "diff \"${PODS_ROOT}/../Podfile.lock\" \"${PODS_ROOT}/Manifest.lock\" > /dev/null\nif [[ $? != 0 ]] ; then\n    cat << EOM\nerror: The sandbox is not in sync with the Podfile.lock. Run 'pod install' or update your CocoaPods installation.\nEOM\n    exit 1\nfi\n";
			showEnvVarsInLog = 0;
		};
/* End PBXShellScriptBuildPhase section */

/* Begin PBXSourcesBuildPhase section */
		1079FEEA1A2D4AD900654080 /* Sources */ = {
			isa = PBXSourcesBuildPhase;
			buildActionMask = 2147483647;
			files = (
				023F93861A37B71800F0C33E /* FriendTableViewCell.swift in Sources */,
				023F93851A37B70600F0C33E /* FriendsTableViewController.swift in Sources */,
				023F93841A379ACD00F0C33E /* FriendDetailsTableViewController.swift in Sources */,
				0230D5441A3A621200C1057E /* EventTableViewCell.swift in Sources */,
				02C91E981A2E288700B3977B /* LoginViewController.swift in Sources */,
				1079FEF41A2D4AD900654080 /* AppDelegate.swift in Sources */,
				103679601A2E3124001D63D2 /* friends.xcdatamodeld in Sources */,
				10F2D1381A2E2ABD00DDD58D /* FriendManager.swift in Sources */,
				10F2D1361A2E2AB000DDD58D /* Friend.swift in Sources */,
				0230D5421A3A61F200C1057E /* EventsTableViewController.swift in Sources */,
				10F2D1321A2E29C300DDD58D /* EditFriendsTableViewController.swift in Sources */,
				024A45BD1A33AB1C00757D93 /* CalendarTabBarViewController.swift in Sources */,
				023F93811A3799C500F0C33E /* CalendarViewController.swift in Sources */,
				024A45BB1A33AB0900757D93 /* CalendarTableViewController.swift in Sources */,
				026BA1D31A385C14006D25D5 /* SocialCalendarViewController.swift in Sources */,
			);
			runOnlyForDeploymentPostprocessing = 0;
		};
		1079FEFF1A2D4AD900654080 /* Sources */ = {
			isa = PBXSourcesBuildPhase;
			buildActionMask = 2147483647;
			files = (
				1079FF0A1A2D4AD900654080 /* socialCalendarTests.swift in Sources */,
			);
			runOnlyForDeploymentPostprocessing = 0;
		};
/* End PBXSourcesBuildPhase section */

/* Begin PBXTargetDependency section */
		1079FF051A2D4AD900654080 /* PBXTargetDependency */ = {
			isa = PBXTargetDependency;
			target = 1079FEED1A2D4AD900654080 /* socialCalendar */;
			targetProxy = 1079FF041A2D4AD900654080 /* PBXContainerItemProxy */;
		};
/* End PBXTargetDependency section */

/* Begin PBXVariantGroup section */
		02F911971A2E604C00B15744 /* Miles.storyboard */ = {
			isa = PBXVariantGroup;
			children = (
				02F911981A2E604C00B15744 /* Base */,
			);
			name = Miles.storyboard;
			sourceTree = "<group>";
		};
		02F9119A1A2E61EE00B15744 /* Kevin.storyboard */ = {
			isa = PBXVariantGroup;
			children = (
				02F9119B1A2E61EE00B15744 /* Base */,
			);
			name = Kevin.storyboard;
			sourceTree = "<group>";
		};
		1079FEFC1A2D4AD900654080 /* LaunchScreen.xib */ = {
			isa = PBXVariantGroup;
			children = (
				1079FEFD1A2D4AD900654080 /* Base */,
			);
			name = LaunchScreen.xib;
			sourceTree = "<group>";
		};
/* End PBXVariantGroup section */

/* Begin XCBuildConfiguration section */
		1079FF0B1A2D4AD900654080 /* Debug */ = {
			isa = XCBuildConfiguration;
			buildSettings = {
				ALWAYS_SEARCH_USER_PATHS = NO;
				CLANG_CXX_LANGUAGE_STANDARD = "gnu++0x";
				CLANG_CXX_LIBRARY = "libc++";
				CLANG_ENABLE_MODULES = YES;
				CLANG_ENABLE_OBJC_ARC = YES;
				CLANG_WARN_BOOL_CONVERSION = YES;
				CLANG_WARN_CONSTANT_CONVERSION = YES;
				CLANG_WARN_DIRECT_OBJC_ISA_USAGE = YES_ERROR;
				CLANG_WARN_EMPTY_BODY = YES;
				CLANG_WARN_ENUM_CONVERSION = YES;
				CLANG_WARN_INT_CONVERSION = YES;
				CLANG_WARN_OBJC_ROOT_CLASS = YES_ERROR;
				CLANG_WARN_UNREACHABLE_CODE = YES;
				CLANG_WARN__DUPLICATE_METHOD_MATCH = YES;
				"CODE_SIGN_IDENTITY[sdk=iphoneos*]" = "iPhone Developer";
				COPY_PHASE_STRIP = NO;
				ENABLE_STRICT_OBJC_MSGSEND = YES;
				GCC_C_LANGUAGE_STANDARD = gnu99;
				GCC_DYNAMIC_NO_PIC = NO;
				GCC_OPTIMIZATION_LEVEL = 0;
				GCC_PREPROCESSOR_DEFINITIONS = (
					"DEBUG=1",
					"$(inherited)",
				);
				GCC_SYMBOLS_PRIVATE_EXTERN = NO;
				GCC_WARN_64_TO_32_BIT_CONVERSION = YES;
				GCC_WARN_ABOUT_RETURN_TYPE = YES_ERROR;
				GCC_WARN_UNDECLARED_SELECTOR = YES;
				GCC_WARN_UNINITIALIZED_AUTOS = YES_AGGRESSIVE;
				GCC_WARN_UNUSED_FUNCTION = YES;
				GCC_WARN_UNUSED_VARIABLE = YES;
				IPHONEOS_DEPLOYMENT_TARGET = 8.1;
				MTL_ENABLE_DEBUG_INFO = YES;
				ONLY_ACTIVE_ARCH = YES;
				SDKROOT = iphoneos;
				SWIFT_OPTIMIZATION_LEVEL = "-Onone";
				TARGETED_DEVICE_FAMILY = "1,2";
			};
			name = Debug;
		};
		1079FF0C1A2D4AD900654080 /* Release */ = {
			isa = XCBuildConfiguration;
			buildSettings = {
				ALWAYS_SEARCH_USER_PATHS = NO;
				CLANG_CXX_LANGUAGE_STANDARD = "gnu++0x";
				CLANG_CXX_LIBRARY = "libc++";
				CLANG_ENABLE_MODULES = YES;
				CLANG_ENABLE_OBJC_ARC = YES;
				CLANG_WARN_BOOL_CONVERSION = YES;
				CLANG_WARN_CONSTANT_CONVERSION = YES;
				CLANG_WARN_DIRECT_OBJC_ISA_USAGE = YES_ERROR;
				CLANG_WARN_EMPTY_BODY = YES;
				CLANG_WARN_ENUM_CONVERSION = YES;
				CLANG_WARN_INT_CONVERSION = YES;
				CLANG_WARN_OBJC_ROOT_CLASS = YES_ERROR;
				CLANG_WARN_UNREACHABLE_CODE = YES;
				CLANG_WARN__DUPLICATE_METHOD_MATCH = YES;
				"CODE_SIGN_IDENTITY[sdk=iphoneos*]" = "iPhone Developer";
				COPY_PHASE_STRIP = YES;
				ENABLE_NS_ASSERTIONS = NO;
				ENABLE_STRICT_OBJC_MSGSEND = YES;
				GCC_C_LANGUAGE_STANDARD = gnu99;
				GCC_WARN_64_TO_32_BIT_CONVERSION = YES;
				GCC_WARN_ABOUT_RETURN_TYPE = YES_ERROR;
				GCC_WARN_UNDECLARED_SELECTOR = YES;
				GCC_WARN_UNINITIALIZED_AUTOS = YES_AGGRESSIVE;
				GCC_WARN_UNUSED_FUNCTION = YES;
				GCC_WARN_UNUSED_VARIABLE = YES;
				IPHONEOS_DEPLOYMENT_TARGET = 8.1;
				MTL_ENABLE_DEBUG_INFO = NO;
				SDKROOT = iphoneos;
				TARGETED_DEVICE_FAMILY = "1,2";
				VALIDATE_PRODUCT = YES;
			};
			name = Release;
		};
		1079FF0E1A2D4AD900654080 /* Debug */ = {
			isa = XCBuildConfiguration;
			baseConfigurationReference = B132F5D1E17C7D324D79B50B /* Pods.debug.xcconfig */;
			buildSettings = {
				ASSETCATALOG_COMPILER_APPICON_NAME = AppIcon;
				CLANG_ENABLE_MODULES = YES;
				DEFINES_MODULE = YES;
				FRAMEWORK_SEARCH_PATHS = (
					"$(inherited)",
					"$(PROJECT_DIR)",
				);
				INFOPLIST_FILE = socialCalendar/Info.plist;
				LD_RUNPATH_SEARCH_PATHS = "$(inherited) @executable_path/Frameworks";
				PRODUCT_NAME = "$(TARGET_NAME)";
				SWIFT_OBJC_BRIDGING_HEADER = "socialCalendar-Bridging-Header.h";
				SWIFT_OPTIMIZATION_LEVEL = "-Onone";
			};
			name = Debug;
		};
		1079FF0F1A2D4AD900654080 /* Release */ = {
			isa = XCBuildConfiguration;
			baseConfigurationReference = 88C23CA8AA760EB67B6651EA /* Pods.release.xcconfig */;
			buildSettings = {
				ASSETCATALOG_COMPILER_APPICON_NAME = AppIcon;
				CLANG_ENABLE_MODULES = YES;
				DEFINES_MODULE = YES;
				FRAMEWORK_SEARCH_PATHS = (
					"$(inherited)",
					"$(PROJECT_DIR)",
				);
				INFOPLIST_FILE = socialCalendar/Info.plist;
				LD_RUNPATH_SEARCH_PATHS = "$(inherited) @executable_path/Frameworks";
				PRODUCT_NAME = "$(TARGET_NAME)";
				SWIFT_OBJC_BRIDGING_HEADER = "socialCalendar-Bridging-Header.h";
			};
			name = Release;
		};
		1079FF111A2D4AD900654080 /* Debug */ = {
			isa = XCBuildConfiguration;
			buildSettings = {
				BUNDLE_LOADER = "$(TEST_HOST)";
				FRAMEWORK_SEARCH_PATHS = (
					"$(SDKROOT)/Developer/Library/Frameworks",
					"$(inherited)",
				);
				GCC_PREPROCESSOR_DEFINITIONS = (
					"DEBUG=1",
					"$(inherited)",
				);
				INFOPLIST_FILE = socialCalendarTests/Info.plist;
				LD_RUNPATH_SEARCH_PATHS = "$(inherited) @executable_path/Frameworks @loader_path/Frameworks";
				PRODUCT_NAME = "$(TARGET_NAME)";
				TEST_HOST = "$(BUILT_PRODUCTS_DIR)/socialCalendar.app/socialCalendar";
			};
			name = Debug;
		};
		1079FF121A2D4AD900654080 /* Release */ = {
			isa = XCBuildConfiguration;
			buildSettings = {
				BUNDLE_LOADER = "$(TEST_HOST)";
				FRAMEWORK_SEARCH_PATHS = (
					"$(SDKROOT)/Developer/Library/Frameworks",
					"$(inherited)",
				);
				INFOPLIST_FILE = socialCalendarTests/Info.plist;
				LD_RUNPATH_SEARCH_PATHS = "$(inherited) @executable_path/Frameworks @loader_path/Frameworks";
				PRODUCT_NAME = "$(TARGET_NAME)";
				TEST_HOST = "$(BUILT_PRODUCTS_DIR)/socialCalendar.app/socialCalendar";
			};
			name = Release;
		};
/* End XCBuildConfiguration section */

/* Begin XCConfigurationList section */
		1079FEE91A2D4AD800654080 /* Build configuration list for PBXProject "socialCalendar" */ = {
			isa = XCConfigurationList;
			buildConfigurations = (
				1079FF0B1A2D4AD900654080 /* Debug */,
				1079FF0C1A2D4AD900654080 /* Release */,
			);
			defaultConfigurationIsVisible = 0;
			defaultConfigurationName = Release;
		};
		1079FF0D1A2D4AD900654080 /* Build configuration list for PBXNativeTarget "socialCalendar" */ = {
			isa = XCConfigurationList;
			buildConfigurations = (
				1079FF0E1A2D4AD900654080 /* Debug */,
				1079FF0F1A2D4AD900654080 /* Release */,
			);
			defaultConfigurationIsVisible = 0;
			defaultConfigurationName = Release;
		};
		1079FF101A2D4AD900654080 /* Build configuration list for PBXNativeTarget "socialCalendarTests" */ = {
			isa = XCConfigurationList;
			buildConfigurations = (
				1079FF111A2D4AD900654080 /* Debug */,
				1079FF121A2D4AD900654080 /* Release */,
			);
			defaultConfigurationIsVisible = 0;
			defaultConfigurationName = Release;
		};
/* End XCConfigurationList section */

/* Begin XCVersionGroup section */
		1036795E1A2E3124001D63D2 /* friends.xcdatamodeld */ = {
			isa = XCVersionGroup;
			children = (
				1036795F1A2E3124001D63D2 /* friends.xcdatamodel */,
			);
			currentVersion = 1036795F1A2E3124001D63D2 /* friends.xcdatamodel */;
			path = friends.xcdatamodeld;
			sourceTree = "<group>";
			versionGroupType = wrapper.xcdatamodel;
		};
/* End XCVersionGroup section */
	};
	rootObject = 1079FEE61A2D4AD800654080 /* Project object */;
}
